
Microsoft Visual Studio Solution File, Format Version 12.00
# Visual Studio Version 17
VisualStudioVersion = 17.11.35327.3
MinimumVisualStudioVersion = 10.0.40219.1
Project("{8BC9CEB8-8B4A-11D0-8D11-00A0C91BC942}") = "experiment_2_loop_2", "experiment_2_loop_2\experiment_2_loop_2.vcxproj", "{98B690F8-1565-4552-B05F-30B137F514ED}"
EndProject
Global
	GlobalSection(SolutionConfigurationPlatforms) = preSolution
		Debug|x64 = Debug|x64
		Debug|x86 = Debug|x86
		Release|x64 = Release|x64
		Release|x86 = Release|x86
	EndGlobalSection
	GlobalSection(ProjectConfigurationPlatforms) = postSolution
		{98B690F8-1565-4552-B05F-30B137F514ED}.Debug|x64.ActiveCfg = Debug|x64
		{98B690F8-1565-4552-B05F-30B137F514ED}.Debug|x64.Build.0 = Debug|x64
		{98B690F8-1565-4552-B05F-30B137F514ED}.Debug|x86.ActiveCfg = Debug|Win32
		{98B690F8-1565-4552-B05F-30B137F514ED}.Debug|x86.Build.0 = Debug|Win32
		{98B690F8-1565-4552-B05F-30B137F514ED}.Release|x64.ActiveCfg = Release|x64
		{98B690F8-1565-4552-B05F-30B137F514ED}.Release|x64.Build.0 = Release|x64
		{98B690F8-1565-4552-B05F-30B137F514ED}.Release|x86.ActiveCfg = Release|Win32
		{98B690F8-1565-4552-B05F-30B137F514ED}.Release|x86.Build.0 = Release|Win32
	EndGlobalSection
	GlobalSection(SolutionProperties) = preSolution
		HideSolutionNode = FALSE
	EndGlobalSection
	GlobalSection(ExtensibilityGlobals) = postSolution
		SolutionGuid = {158898F1-8602-451D-8B26-6C806232643C}
	EndGlobalSection
EndGlobal
